
Microsoft Visual Studio Solution File, Format Version 12.00
# Visual Studio Version 17
VisualStudioVersion = 17.7.34031.279
MinimumVisualStudioVersion = 10.0.40219.1
Project("{FAE04EC0-301F-11D3-BF4B-00C04F79EFBC}") = "OOP3333", "OOP3333\OOP3333.csproj", "{04BC292A-5033-4CA4-AE2D-217EA50D282D}"
EndProject
Global
	GlobalSection(SolutionConfigurationPlatforms) = preSolution
		Debug|Any CPU = Debug|Any CPU
		Release|Any CPU = Release|Any CPU
	EndGlobalSection
	GlobalSection(ProjectConfigurationPlatforms) = postSolution
		{04BC292A-5033-4CA4-AE2D-217EA50D282D}.Debug|Any CPU.ActiveCfg = Debug|Any CPU
		{04BC292A-5033-4CA4-AE2D-217EA50D282D}.Debug|Any CPU.Build.0 = Debug|Any CPU
		{04BC292A-5033-4CA4-AE2D-217EA50D282D}.Release|Any CPU.ActiveCfg = Release|Any CPU
		{04BC292A-5033-4CA4-AE2D-217EA50D282D}.Release|Any CPU.Build.0 = Release|Any CPU
	EndGlobalSection
	GlobalSection(SolutionProperties) = preSolution
		HideSolutionNode = FALSE
	EndGlobalSection
	GlobalSection(ExtensibilityGlobals) = postSolution
		SolutionGuid = {3317E992-D1ED-4BB9-8DD9-9536E6C3D994}
	EndGlobalSection
EndGlobal
